
Microsoft Visual Studio Solution File, Format Version 12.00
# Visual Studio Version 16
VisualStudioVersion = 16.0.29509.3
MinimumVisualStudioVersion = 10.0.40219.1
Project("{8BC9CEB8-8B4A-11D0-8D11-00A0C91BC942}") = "HelloWorld", "HelloWorld\HelloWorld.vcxproj", "{B67FF840-2440-4936-B8AB-6F804398C648}"
EndProject
Project("{2150E333-8FDC-42A3-9474-1A3956D46DE8}") = "CourseTests", "CourseTests", "{2B6439C8-814F-4A32-BF62-FEF5198C0B5F}"
EndProject
Project("{8BC9CEB8-8B4A-11D0-8D11-00A0C91BC942}") = "CourseTest01", "CourseTest01\CourseTest01.vcxproj", "{EC885115-EB9C-4F4B-AB32-B47D17BD9694}"
EndProject
Project("{8BC9CEB8-8B4A-11D0-8D11-00A0C91BC942}") = "TestSomething", "TestSomething\TestSomething.vcxproj", "{DFBE3654-4023-4E4E-9CD5-E8AEC9508AED}"
EndProject
Project("{8BC9CEB8-8B4A-11D0-8D11-00A0C91BC942}") = "CourseTest02", "CourseTest02\CourseTest02.vcxproj", "{B83D3138-325D-4E3A-B5EB-34F6E5890F64}"
EndProject
Project("{2150E333-8FDC-42A3-9474-1A3956D46DE8}") = "Experiments", "Experiments", "{5F07B623-84FF-43A8-917E-A4B3BFBDB133}"
EndProject
Project("{2150E333-8FDC-42A3-9474-1A3956D46DE8}") = "Exp01", "Exp01", "{91B26B99-6979-4BE5-9041-B23E7AD12FF7}"
EndProject
Project("{8BC9CEB8-8B4A-11D0-8D11-00A0C91BC942}") = "Exp01_1", "Exp01_1\Exp01_1.vcxproj", "{AAD64B82-37B0-4404-860F-4FC9F4D5BD0C}"
EndProject
Project("{8BC9CEB8-8B4A-11D0-8D11-00A0C91BC942}") = "Exp01_2", "Exp01_2\Exp01_2.vcxproj", "{71CA05CE-F8D2-4438-84E5-BBC29DA4D116}"
EndProject
Project("{8BC9CEB8-8B4A-11D0-8D11-00A0C91BC942}") = "Exp01_3", "Exp01_3\Exp01_3.vcxproj", "{D15B1BB7-C74F-4362-ADD7-585A3F07BA1A}"
EndProject
Project("{8BC9CEB8-8B4A-11D0-8D11-00A0C91BC942}") = "Exp01_all", "Exp01_all\Exp01_all.vcxproj", "{DC02705C-8257-4E50-983C-96BA8C94DF26}"
EndProject
Project("{2150E333-8FDC-42A3-9474-1A3956D46DE8}") = "Exp02", "Exp02", "{B3ADC9DA-5468-4F60-891D-7D032E17FC5D}"
EndProject
Project("{8BC9CEB8-8B4A-11D0-8D11-00A0C91BC942}") = "Exp02_All", "Exp02_All\Exp02_All.vcxproj", "{68A3443B-5B0A-40F3-9D24-6FB085A7EAE5}"
EndProject
Project("{8BC9CEB8-8B4A-11D0-8D11-00A0C91BC942}") = "Exp04", "Exp03\Exp03.vcxproj", "{C478C320-B99E-4D9F-B80C-5C0F0A9075A8}"
EndProject
Project("{8BC9CEB8-8B4A-11D0-8D11-00A0C91BC942}") = "CourseTest03", "CourseTest03\CourseTest03.vcxproj", "{A866BE3A-AC01-482D-87DB-628F062A8178}"
EndProject
Project("{8BC9CEB8-8B4A-11D0-8D11-00A0C91BC942}") = "CourseTest04", "CourseTest04\CourseTest04.vcxproj", "{3B33D34E-2716-4AA1-8C07-96E255FDEDC1}"
EndProject
Project("{8BC9CEB8-8B4A-11D0-8D11-00A0C91BC942}") = "Exp05", "Exp05\Exp05.vcxproj", "{D2B9ABBC-A009-4580-8C5E-82D53701BE01}"
EndProject
Global
	GlobalSection(SolutionConfigurationPlatforms) = preSolution
		Debug|x64 = Debug|x64
		Debug|x86 = Debug|x86
		Release|x64 = Release|x64
		Release|x86 = Release|x86
	EndGlobalSection
	GlobalSection(ProjectConfigurationPlatforms) = postSolution
		{B67FF840-2440-4936-B8AB-6F804398C648}.Debug|x64.ActiveCfg = Debug|x64
		{B67FF840-2440-4936-B8AB-6F804398C648}.Debug|x64.Build.0 = Debug|x64
		{B67FF840-2440-4936-B8AB-6F804398C648}.Debug|x86.ActiveCfg = Debug|Win32
		{B67FF840-2440-4936-B8AB-6F804398C648}.Debug|x86.Build.0 = Debug|Win32
		{B67FF840-2440-4936-B8AB-6F804398C648}.Release|x64.ActiveCfg = Release|x64
		{B67FF840-2440-4936-B8AB-6F804398C648}.Release|x64.Build.0 = Release|x64
		{B67FF840-2440-4936-B8AB-6F804398C648}.Release|x86.ActiveCfg = Release|Win32
		{B67FF840-2440-4936-B8AB-6F804398C648}.Release|x86.Build.0 = Release|Win32
		{EC885115-EB9C-4F4B-AB32-B47D17BD9694}.Debug|x64.ActiveCfg = Debug|x64
		{EC885115-EB9C-4F4B-AB32-B47D17BD9694}.Debug|x64.Build.0 = Debug|x64
		{EC885115-EB9C-4F4B-AB32-B47D17BD9694}.Debug|x86.ActiveCfg = Debug|Win32
		{EC885115-EB9C-4F4B-AB32-B47D17BD9694}.Debug|x86.Build.0 = Debug|Win32
		{EC885115-EB9C-4F4B-AB32-B47D17BD9694}.Release|x64.ActiveCfg = Release|x64
		{EC885115-EB9C-4F4B-AB32-B47D17BD9694}.Release|x64.Build.0 = Release|x64
		{EC885115-EB9C-4F4B-AB32-B47D17BD9694}.Release|x86.ActiveCfg = Release|Win32
		{EC885115-EB9C-4F4B-AB32-B47D17BD9694}.Release|x86.Build.0 = Release|Win32
		{DFBE3654-4023-4E4E-9CD5-E8AEC9508AED}.Debug|x64.ActiveCfg = Debug|x64
		{DFBE3654-4023-4E4E-9CD5-E8AEC9508AED}.Debug|x64.Build.0 = Debug|x64
		{DFBE3654-4023-4E4E-9CD5-E8AEC9508AED}.Debug|x86.ActiveCfg = Debug|Win32
		{DFBE3654-4023-4E4E-9CD5-E8AEC9508AED}.Debug|x86.Build.0 = Debug|Win32
		{DFBE3654-4023-4E4E-9CD5-E8AEC9508AED}.Release|x64.ActiveCfg = Release|x64
		{DFBE3654-4023-4E4E-9CD5-E8AEC9508AED}.Release|x64.Build.0 = Release|x64
		{DFBE3654-4023-4E4E-9CD5-E8AEC9508AED}.Release|x86.ActiveCfg = Release|Win32
		{DFBE3654-4023-4E4E-9CD5-E8AEC9508AED}.Release|x86.Build.0 = Release|Win32
		{B83D3138-325D-4E3A-B5EB-34F6E5890F64}.Debug|x64.ActiveCfg = Debug|x64
		{B83D3138-325D-4E3A-B5EB-34F6E5890F64}.Debug|x64.Build.0 = Debug|x64
		{B83D3138-325D-4E3A-B5EB-34F6E5890F64}.Debug|x86.ActiveCfg = Debug|Win32
		{B83D3138-325D-4E3A-B5EB-34F6E5890F64}.Debug|x86.Build.0 = Debug|Win32
		{B83D3138-325D-4E3A-B5EB-34F6E5890F64}.Release|x64.ActiveCfg = Release|x64
		{B83D3138-325D-4E3A-B5EB-34F6E5890F64}.Release|x64.Build.0 = Release|x64
		{B83D3138-325D-4E3A-B5EB-34F6E5890F64}.Release|x86.ActiveCfg = Release|Win32
		{B83D3138-325D-4E3A-B5EB-34F6E5890F64}.Release|x86.Build.0 = Release|Win32
		{AAD64B82-37B0-4404-860F-4FC9F4D5BD0C}.Debug|x64.ActiveCfg = Debug|x64
		{AAD64B82-37B0-4404-860F-4FC9F4D5BD0C}.Debug|x64.Build.0 = Debug|x64
		{AAD64B82-37B0-4404-860F-4FC9F4D5BD0C}.Debug|x86.ActiveCfg = Debug|Win32
		{AAD64B82-37B0-4404-860F-4FC9F4D5BD0C}.Debug|x86.Build.0 = Debug|Win32
		{AAD64B82-37B0-4404-860F-4FC9F4D5BD0C}.Release|x64.ActiveCfg = Release|x64
		{AAD64B82-37B0-4404-860F-4FC9F4D5BD0C}.Release|x64.Build.0 = Release|x64
		{AAD64B82-37B0-4404-860F-4FC9F4D5BD0C}.Release|x86.ActiveCfg = Release|Win32
		{AAD64B82-37B0-4404-860F-4FC9F4D5BD0C}.Release|x86.Build.0 = Release|Win32
		{71CA05CE-F8D2-4438-84E5-BBC29DA4D116}.Debug|x64.ActiveCfg = Debug|x64
		{71CA05CE-F8D2-4438-84E5-BBC29DA4D116}.Debug|x64.Build.0 = Debug|x64
		{71CA05CE-F8D2-4438-84E5-BBC29DA4D116}.Debug|x86.ActiveCfg = Debug|Win32
		{71CA05CE-F8D2-4438-84E5-BBC29DA4D116}.Debug|x86.Build.0 = Debug|Win32
		{71CA05CE-F8D2-4438-84E5-BBC29DA4D116}.Release|x64.ActiveCfg = Release|x64
		{71CA05CE-F8D2-4438-84E5-BBC29DA4D116}.Release|x64.Build.0 = Release|x64
		{71CA05CE-F8D2-4438-84E5-BBC29DA4D116}.Release|x86.ActiveCfg = Release|Win32
		{71CA05CE-F8D2-4438-84E5-BBC29DA4D116}.Release|x86.Build.0 = Release|Win32
		{D15B1BB7-C74F-4362-ADD7-585A3F07BA1A}.Debug|x64.ActiveCfg = Debug|x64
		{D15B1BB7-C74F-4362-ADD7-585A3F07BA1A}.Debug|x64.Build.0 = Debug|x64
		{D15B1BB7-C74F-4362-ADD7-585A3F07BA1A}.Debug|x86.ActiveCfg = Debug|Win32
		{D15B1BB7-C74F-4362-ADD7-585A3F07BA1A}.Debug|x86.Build.0 = Debug|Win32
		{D15B1BB7-C74F-4362-ADD7-585A3F07BA1A}.Release|x64.ActiveCfg = Release|x64
		{D15B1BB7-C74F-4362-ADD7-585A3F07BA1A}.Release|x64.Build.0 = Release|x64
		{D15B1BB7-C74F-4362-ADD7-585A3F07BA1A}.Release|x86.ActiveCfg = Release|Win32
		{D15B1BB7-C74F-4362-ADD7-585A3F07BA1A}.Release|x86.Build.0 = Release|Win32
		{DC02705C-8257-4E50-983C-96BA8C94DF26}.Debug|x64.ActiveCfg = Debug|x64
		{DC02705C-8257-4E50-983C-96BA8C94DF26}.Debug|x64.Build.0 = Debug|x64
		{DC02705C-8257-4E50-983C-96BA8C94DF26}.Debug|x86.ActiveCfg = Debug|Win32
		{DC02705C-8257-4E50-983C-96BA8C94DF26}.Debug|x86.Build.0 = Debug|Win32
		{DC02705C-8257-4E50-983C-96BA8C94DF26}.Release|x64.ActiveCfg = Release|x64
		{DC02705C-8257-4E50-983C-96BA8C94DF26}.Release|x64.Build.0 = Release|x64
		{DC02705C-8257-4E50-983C-96BA8C94DF26}.Release|x86.ActiveCfg = Release|Win32
		{DC02705C-8257-4E50-983C-96BA8C94DF26}.Release|x86.Build.0 = Release|Win32
		{68A3443B-5B0A-40F3-9D24-6FB085A7EAE5}.Debug|x64.ActiveCfg = Debug|x64
		{68A3443B-5B0A-40F3-9D24-6FB085A7EAE5}.Debug|x64.Build.0 = Debug|x64
		{68A3443B-5B0A-40F3-9D24-6FB085A7EAE5}.Debug|x86.ActiveCfg = Debug|Win32
		{68A3443B-5B0A-40F3-9D24-6FB085A7EAE5}.Debug|x86.Build.0 = Debug|Win32
		{68A3443B-5B0A-40F3-9D24-6FB085A7EAE5}.Release|x64.ActiveCfg = Release|x64
		{68A3443B-5B0A-40F3-9D24-6FB085A7EAE5}.Release|x64.Build.0 = Release|x64
		{68A3443B-5B0A-40F3-9D24-6FB085A7EAE5}.Release|x86.ActiveCfg = Release|Win32
		{68A3443B-5B0A-40F3-9D24-6FB085A7EAE5}.Release|x86.Build.0 = Release|Win32
		{C478C320-B99E-4D9F-B80C-5C0F0A9075A8}.Debug|x64.ActiveCfg = Debug|x64
		{C478C320-B99E-4D9F-B80C-5C0F0A9075A8}.Debug|x64.Build.0 = Debug|x64
		{C478C320-B99E-4D9F-B80C-5C0F0A9075A8}.Debug|x86.ActiveCfg = Debug|Win32
		{C478C320-B99E-4D9F-B80C-5C0F0A9075A8}.Debug|x86.Build.0 = Debug|Win32
		{C478C320-B99E-4D9F-B80C-5C0F0A9075A8}.Release|x64.ActiveCfg = Release|x64
		{C478C320-B99E-4D9F-B80C-5C0F0A9075A8}.Release|x64.Build.0 = Release|x64
		{C478C320-B99E-4D9F-B80C-5C0F0A9075A8}.Release|x86.ActiveCfg = Release|Win32
		{C478C320-B99E-4D9F-B80C-5C0F0A9075A8}.Release|x86.Build.0 = Release|Win32
		{A866BE3A-AC01-482D-87DB-628F062A8178}.Debug|x64.ActiveCfg = Debug|x64
		{A866BE3A-AC01-482D-87DB-628F062A8178}.Debug|x64.Build.0 = Debug|x64
		{A866BE3A-AC01-482D-87DB-628F062A8178}.Debug|x86.ActiveCfg = Debug|Win32
		{A866BE3A-AC01-482D-87DB-628F062A8178}.Debug|x86.Build.0 = Debug|Win32
		{A866BE3A-AC01-482D-87DB-628F062A8178}.Release|x64.ActiveCfg = Release|x64
		{A866BE3A-AC01-482D-87DB-628F062A8178}.Release|x64.Build.0 = Release|x64
		{A866BE3A-AC01-482D-87DB-628F062A8178}.Release|x86.ActiveCfg = Release|Win32
		{A866BE3A-AC01-482D-87DB-628F062A8178}.Release|x86.Build.0 = Release|Win32
		{3B33D34E-2716-4AA1-8C07-96E255FDEDC1}.Debug|x64.ActiveCfg = Debug|x64
		{3B33D34E-2716-4AA1-8C07-96E255FDEDC1}.Debug|x64.Build.0 = Debug|x64
		{3B33D34E-2716-4AA1-8C07-96E255FDEDC1}.Debug|x86.ActiveCfg = Debug|Win32
		{3B33D34E-2716-4AA1-8C07-96E255FDEDC1}.Debug|x86.Build.0 = Debug|Win32
		{3B33D34E-2716-4AA1-8C07-96E255FDEDC1}.Release|x64.ActiveCfg = Release|x64
		{3B33D34E-2716-4AA1-8C07-96E255FDEDC1}.Release|x64.Build.0 = Release|x64
		{3B33D34E-2716-4AA1-8C07-96E255FDEDC1}.Release|x86.ActiveCfg = Release|Win32
		{3B33D34E-2716-4AA1-8C07-96E255FDEDC1}.Release|x86.Build.0 = Release|Win32
		{D2B9ABBC-A009-4580-8C5E-82D53701BE01}.Debug|x64.ActiveCfg = Debug|x64
		{D2B9ABBC-A009-4580-8C5E-82D53701BE01}.Debug|x64.Build.0 = Debug|x64
		{D2B9ABBC-A009-4580-8C5E-82D53701BE01}.Debug|x86.ActiveCfg = Debug|Win32
		{D2B9ABBC-A009-4580-8C5E-82D53701BE01}.Debug|x86.Build.0 = Debug|Win32
		{D2B9ABBC-A009-4580-8C5E-82D53701BE01}.Release|x64.ActiveCfg = Release|x64
		{D2B9ABBC-A009-4580-8C5E-82D53701BE01}.Release|x64.Build.0 = Release|x64
		{D2B9ABBC-A009-4580-8C5E-82D53701BE01}.Release|x86.ActiveCfg = Release|Win32
		{D2B9ABBC-A009-4580-8C5E-82D53701BE01}.Release|x86.Build.0 = Release|Win32
	EndGlobalSection
	GlobalSection(SolutionProperties) = preSolution
		HideSolutionNode = FALSE
	EndGlobalSection
	GlobalSection(NestedProjects) = preSolution
		{EC885115-EB9C-4F4B-AB32-B47D17BD9694} = {2B6439C8-814F-4A32-BF62-FEF5198C0B5F}
		{B83D3138-325D-4E3A-B5EB-34F6E5890F64} = {2B6439C8-814F-4A32-BF62-FEF5198C0B5F}
		{91B26B99-6979-4BE5-9041-B23E7AD12FF7} = {5F07B623-84FF-43A8-917E-A4B3BFBDB133}
		{AAD64B82-37B0-4404-860F-4FC9F4D5BD0C} = {91B26B99-6979-4BE5-9041-B23E7AD12FF7}
		{71CA05CE-F8D2-4438-84E5-BBC29DA4D116} = {91B26B99-6979-4BE5-9041-B23E7AD12FF7}
		{D15B1BB7-C74F-4362-ADD7-585A3F07BA1A} = {91B26B99-6979-4BE5-9041-B23E7AD12FF7}
		{DC02705C-8257-4E50-983C-96BA8C94DF26} = {91B26B99-6979-4BE5-9041-B23E7AD12FF7}
		{B3ADC9DA-5468-4F60-891D-7D032E17FC5D} = {5F07B623-84FF-43A8-917E-A4B3BFBDB133}
		{68A3443B-5B0A-40F3-9D24-6FB085A7EAE5} = {B3ADC9DA-5468-4F60-891D-7D032E17FC5D}
		{C478C320-B99E-4D9F-B80C-5C0F0A9075A8} = {5F07B623-84FF-43A8-917E-A4B3BFBDB133}
		{A866BE3A-AC01-482D-87DB-628F062A8178} = {2B6439C8-814F-4A32-BF62-FEF5198C0B5F}
		{3B33D34E-2716-4AA1-8C07-96E255FDEDC1} = {2B6439C8-814F-4A32-BF62-FEF5198C0B5F}
		{D2B9ABBC-A009-4580-8C5E-82D53701BE01} = {5F07B623-84FF-43A8-917E-A4B3BFBDB133}
	EndGlobalSection
	GlobalSection(ExtensibilityGlobals) = postSolution
		SolutionGuid = {04113BF4-3EEB-4D46-9BCC-E737113E63D2}
	EndGlobalSection
EndGlobal
